// !$*UTF8*$!
{
	archiveVersion = 1;
	classes = {
	};
	objectVersion = 46;
	objects = {

/* Begin PBXBuildFile section */
		580FD319EB36E41F73FC3BF8 /* libPods-kuaikanCartoon.a in Frameworks */ = {isa = PBXBuildFile; fileRef = FD2BD0117F02A8B0B805C131 /* libPods-kuaikanCartoon.a */; };
		84390CB81CD5D8B800D0AB8D /* updateCartoonView.m in Sources */ = {isa = PBXBuildFile; fileRef = 84390CB71CD5D8B800D0AB8D /* updateCartoonView.m */; };
		84390CBE1CD71F4B00D0AB8D /* CartoonSummaryCell.m in Sources */ = {isa = PBXBuildFile; fileRef = 84390CBC1CD71F4B00D0AB8D /* CartoonSummaryCell.m */; };
		84390CBF1CD71F4B00D0AB8D /* CartoonSummaryCell.xib in Resources */ = {isa = PBXBuildFile; fileRef = 84390CBD1CD71F4B00D0AB8D /* CartoonSummaryCell.xib */; };
		8465795A1CE33B6F0094072E /* wordsDetailHeadView.m in Sources */ = {isa = PBXBuildFile; fileRef = 846579591CE33B6F0094072E /* wordsDetailHeadView.m */; };
		846A46DF1CDE55CC00F99B36 /* CommentDetailView.m in Sources */ = {isa = PBXBuildFile; fileRef = 846A46DE1CDE55CC00F99B36 /* CommentDetailView.m */; };
		846A46E21CDF1FD500F99B36 /* BaseTableView.m in Sources */ = {isa = PBXBuildFile; fileRef = 846A46E11CDF1FD500F99B36 /* BaseTableView.m */; };
		846A46E51CDF249800F99B36 /* wordsDetailModel.m in Sources */ = {isa = PBXBuildFile; fileRef = 846A46E41CDF249800F99B36 /* wordsDetailModel.m */; };
		846A46E81CDF273200F99B36 /* wordsModel.m in Sources */ = {isa = PBXBuildFile; fileRef = 846A46E71CDF273200F99B36 /* wordsModel.m */; };
		8470B9BE1CE0CFF700CE12DA /* Assets.xcassets in Resources */ = {isa = PBXBuildFile; fileRef = 8471A9491CD499B400A5D901 /* Assets.xcassets */; };
		8471A9541CD49CDA00A5D901 /* AppDelegate.m in Sources */ = {isa = PBXBuildFile; fileRef = 8471A9531CD49CDA00A5D901 /* AppDelegate.m */; };
		8471A9561CD49CEE00A5D901 /* main.m in Sources */ = {isa = PBXBuildFile; fileRef = 8471A9551CD49CEE00A5D901 /* main.m */; };
		8471A95A1CD49DA100A5D901 /* HomeViewController.m in Sources */ = {isa = PBXBuildFile; fileRef = 8471A9591CD49DA100A5D901 /* HomeViewController.m */; };
		8471A9671CD4A55C00A5D901 /* BaseViewController.m in Sources */ = {isa = PBXBuildFile; fileRef = 8471A9621CD4A55C00A5D901 /* BaseViewController.m */; };
		8471A9751CD4A5C500A5D901 /* MainTabBarController.m in Sources */ = {isa = PBXBuildFile; fileRef = 8471A9741CD4A5C500A5D901 /* MainTabBarController.m */; };
		8471A9781CD4AB6100A5D901 /* BaseNavigationController.m in Sources */ = {isa = PBXBuildFile; fileRef = 8471A9771CD4AB6100A5D901 /* BaseNavigationController.m */; };
		8471A97B1CD4AD6C00A5D901 /* UIImage+Extension.m in Sources */ = {isa = PBXBuildFile; fileRef = 8471A97A1CD4AD6C00A5D901 /* UIImage+Extension.m */; };
		8471A9801CD4B7DC00A5D901 /* FindingsViewController.m in Sources */ = {isa = PBXBuildFile; fileRef = 8471A97F1CD4B7DC00A5D901 /* FindingsViewController.m */; };
		8471A9831CD4B7F600A5D901 /* PersonalViewController.m in Sources */ = {isa = PBXBuildFile; fileRef = 8471A9821CD4B7F600A5D901 /* PersonalViewController.m */; };
		8471A98A1CD4BECC00A5D901 /* MainTabbar.m in Sources */ = {isa = PBXBuildFile; fileRef = 8471A9891CD4BECC00A5D901 /* MainTabbar.m */; };
		8471A98D1CD4C67600A5D901 /* UIView+Extension.m in Sources */ = {isa = PBXBuildFile; fileRef = 8471A98C1CD4C67600A5D901 /* UIView+Extension.m */; };
		8480CAB91CD74A4A0072A17B /* SummaryModel.m in Sources */ = {isa = PBXBuildFile; fileRef = 8480CAB81CD74A4A0072A17B /* SummaryModel.m */; };
		8480CAC21CD7620B0072A17B /* NetWorkManager.m in Sources */ = {isa = PBXBuildFile; fileRef = 8480CAC11CD7620B0072A17B /* NetWorkManager.m */; };
		8480CAC51CD76B6F0072A17B /* NSString+Extension.m in Sources */ = {isa = PBXBuildFile; fileRef = 8480CAC41CD76B6F0072A17B /* NSString+Extension.m */; };
		8480CAC81CD779FB0072A17B /* UIColor+Extension.m in Sources */ = {isa = PBXBuildFile; fileRef = 8480CAC71CD779FB0072A17B /* UIColor+Extension.m */; };
		849DE6931CDAF33600879190 /* navBarTitleView.m in Sources */ = {isa = PBXBuildFile; fileRef = 84D0A7611CDA73ED00E2056A /* navBarTitleView.m */; };
		849DE6991CDB2A6100879190 /* topicModel.m in Sources */ = {isa = PBXBuildFile; fileRef = 849DE6981CDB2A6100879190 /* topicModel.m */; };
		849DE69C1CDB2A9300879190 /* userModel.m in Sources */ = {isa = PBXBuildFile; fileRef = 849DE69B1CDB2A9300879190 /* userModel.m */; };
		849DE69F1CDB2B9300879190 /* comicsModel.m in Sources */ = {isa = PBXBuildFile; fileRef = 849DE69E1CDB2B9300879190 /* comicsModel.m */; };
		849DE6A21CDB2C2700879190 /* bannerInfoModel.m in Sources */ = {isa = PBXBuildFile; fileRef = 849DE6A11CDB2C2700879190 /* bannerInfoModel.m */; };
		849DE6A61CDB2FDC00879190 /* BaseModel.m in Sources */ = {isa = PBXBuildFile; fileRef = 849DE6A51CDB2FDC00879190 /* BaseModel.m */; };
		849DE6B01CDB9CA300879190 /* authorInfoHeadView.m in Sources */ = {isa = PBXBuildFile; fileRef = 849DE6AF1CDB9CA300879190 /* authorInfoHeadView.m */; };
		849DE6B31CDBA39D00879190 /* CartoonContentCell.m in Sources */ = {isa = PBXBuildFile; fileRef = 849DE6B21CDBA39D00879190 /* CartoonContentCell.m */; };
		849DE6B71CDBA97100879190 /* CartoonFlooterView.m in Sources */ = {isa = PBXBuildFile; fileRef = 849DE6B51CDBA97100879190 /* CartoonFlooterView.m */; };
		849DE6B81CDBA97100879190 /* CartoonFlooterView.xib in Resources */ = {isa = PBXBuildFile; fileRef = 849DE6B61CDBA97100879190 /* CartoonFlooterView.xib */; };
		84B296EB1CE1D9D200D927CE /* UIImage+ImageEffects.m in Sources */ = {isa = PBXBuildFile; fileRef = 84B296EA1CE1D9D200D927CE /* UIImage+ImageEffects.m */; };
		84B51F1E1CE450AE00EB4CB0 /* wordsDetailHeadView.xib in Resources */ = {isa = PBXBuildFile; fileRef = 84B51F1D1CE450AE00EB4CB0 /* wordsDetailHeadView.xib */; };
		84BA93B91CDDA862009CFDC6 /* WordsDetailViewController.m in Sources */ = {isa = PBXBuildFile; fileRef = 84BA93B81CDDA862009CFDC6 /* WordsDetailViewController.m */; };
		84BA93BC1CDDBE95009CFDC6 /* CommentDetailViewController.m in Sources */ = {isa = PBXBuildFile; fileRef = 84BA93BB1CDDBE95009CFDC6 /* CommentDetailViewController.m */; };
		84BA93BF1CDDD706009CFDC6 /* CommentsModel.m in Sources */ = {isa = PBXBuildFile; fileRef = 84BA93BE1CDDD706009CFDC6 /* CommentsModel.m */; };
		84BA93C41CDDDB03009CFDC6 /* CommentInfoCell.m in Sources */ = {isa = PBXBuildFile; fileRef = 84BA93C21CDDDB03009CFDC6 /* CommentInfoCell.m */; };
		84BA93C51CDDDB03009CFDC6 /* CommentInfoCell.xib in Resources */ = {isa = PBXBuildFile; fileRef = 84BA93C31CDDDB03009CFDC6 /* CommentInfoCell.xib */; };
		84BA93C81CDDE58F009CFDC6 /* likeCountView.m in Sources */ = {isa = PBXBuildFile; fileRef = 84BA93C71CDDE58F009CFDC6 /* likeCountView.m */; };
		84D0A74D1CDA63BA00E2056A /* UIBarButtonItem+EXtension.m in Sources */ = {isa = PBXBuildFile; fileRef = 84D0A74C1CDA63BA00E2056A /* UIBarButtonItem+EXtension.m */; };
		84D0A7621CDA73ED00E2056A /* ListView.m in Sources */ = {isa = PBXBuildFile; fileRef = 84D0A75F1CDA73ED00E2056A /* ListView.m */; };
		84D0A7661CDA74A900E2056A /* CartoonDetailViewController.m in Sources */ = {isa = PBXBuildFile; fileRef = 84D0A7651CDA74A900E2056A /* CartoonDetailViewController.m */; };
		84D0A7691CDA782100E2056A /* CommentBottomView.m in Sources */ = {isa = PBXBuildFile; fileRef = 84D0A7681CDA782100E2056A /* CommentBottomView.m */; };
		84D0A76B1CDA791E00E2056A /* CommentBottomView.xib in Resources */ = {isa = PBXBuildFile; fileRef = 84D0A76A1CDA791E00E2056A /* CommentBottomView.xib */; };
		84D979801CD8529B008EAE63 /* SummaryListItem.m in Sources */ = {isa = PBXBuildFile; fileRef = 84D9797F1CD8529B008EAE63 /* SummaryListItem.m */; };
		84D979831CD85551008EAE63 /* updateCartoonListView.m in Sources */ = {isa = PBXBuildFile; fileRef = 84D979821CD85551008EAE63 /* updateCartoonListView.m */; };
		84D979861CD8A6D7008EAE63 /* DateManager.m in Sources */ = {isa = PBXBuildFile; fileRef = 84D979851CD8A6D7008EAE63 /* DateManager.m */; };
/* End PBXBuildFile section */

/* Begin PBXFileReference section */
		45A94D6E4ED7BD72AD967888 /* Pods-kuaikanCartoon.release.xcconfig */ = {isa = PBXFileReference; includeInIndex = 1; lastKnownFileType = text.xcconfig; name = "Pods-kuaikanCartoon.release.xcconfig"; path = "Pods/Target Support Files/Pods-kuaikanCartoon/Pods-kuaikanCartoon.release.xcconfig"; sourceTree = "<group>"; };
		6953C1E92549B024393B5A8D /* Pods-kuaikanCartoon.debug.xcconfig */ = {isa = PBXFileReference; includeInIndex = 1; lastKnownFileType = text.xcconfig; name = "Pods-kuaikanCartoon.debug.xcconfig"; path = "Pods/Target Support Files/Pods-kuaikanCartoon/Pods-kuaikanCartoon.debug.xcconfig"; sourceTree = "<group>"; };
		84390CB61CD5D8B800D0AB8D /* updateCartoonView.h */ = {isa = PBXFileReference; fileEncoding = 4; lastKnownFileType = sourcecode.c.h; path = updateCartoonView.h; sourceTree = "<group>"; };
		84390CB71CD5D8B800D0AB8D /* updateCartoonView.m */ = {isa = PBXFileReference; fileEncoding = 4; lastKnownFileType = sourcecode.c.objc; path = updateCartoonView.m; sourceTree = "<group>"; };
		84390CBB1CD71F4B00D0AB8D /* CartoonSummaryCell.h */ = {isa = PBXFileReference; fileEncoding = 4; lastKnownFileType = sourcecode.c.h; path = CartoonSummaryCell.h; sourceTree = "<group>"; };
		84390CBC1CD71F4B00D0AB8D /* CartoonSummaryCell.m */ = {isa = PBXFileReference; fileEncoding = 4; lastKnownFileType = sourcecode.c.objc; path = CartoonSummaryCell.m; sourceTree = "<group>"; };
		84390CBD1CD71F4B00D0AB8D /* CartoonSummaryCell.xib */ = {isa = PBXFileReference; fileEncoding = 4; lastKnownFileType = file.xib; path = CartoonSummaryCell.xib; sourceTree = "<group>"; };
		846579581CE33B6F0094072E /* wordsDetailHeadView.h */ = {isa = PBXFileReference; fileEncoding = 4; lastKnownFileType = sourcecode.c.h; path = wordsDetailHeadView.h; sourceTree = "<group>"; };
		846579591CE33B6F0094072E /* wordsDetailHeadView.m */ = {isa = PBXFileReference; fileEncoding = 4; lastKnownFileType = sourcecode.c.objc; path = wordsDetailHeadView.m; sourceTree = "<group>"; };
		846A46DD1CDE55CC00F99B36 /* CommentDetailView.h */ = {isa = PBXFileReference; fileEncoding = 4; lastKnownFileType = sourcecode.c.h; path = CommentDetailView.h; sourceTree = "<group>"; };
		846A46DE1CDE55CC00F99B36 /* CommentDetailView.m */ = {isa = PBXFileReference; fileEncoding = 4; lastKnownFileType = sourcecode.c.objc; path = CommentDetailView.m; sourceTree = "<group>"; };
		846A46E01CDF1FD500F99B36 /* BaseTableView.h */ = {isa = PBXFileReference; fileEncoding = 4; lastKnownFileType = sourcecode.c.h; path = BaseTableView.h; sourceTree = "<group>"; };
		846A46E11CDF1FD500F99B36 /* BaseTableView.m */ = {isa = PBXFileReference; fileEncoding = 4; lastKnownFileType = sourcecode.c.objc; path = BaseTableView.m; sourceTree = "<group>"; };
		846A46E31CDF249800F99B36 /* wordsDetailModel.h */ = {isa = PBXFileReference; fileEncoding = 4; lastKnownFileType = sourcecode.c.h; path = wordsDetailModel.h; sourceTree = "<group>"; };
		846A46E41CDF249800F99B36 /* wordsDetailModel.m */ = {isa = PBXFileReference; fileEncoding = 4; lastKnownFileType = sourcecode.c.objc; path = wordsDetailModel.m; sourceTree = "<group>"; };
		846A46E61CDF273200F99B36 /* wordsModel.h */ = {isa = PBXFileReference; fileEncoding = 4; lastKnownFileType = sourcecode.c.h; path = wordsModel.h; sourceTree = "<group>"; };
		846A46E71CDF273200F99B36 /* wordsModel.m */ = {isa = PBXFileReference; fileEncoding = 4; lastKnownFileType = sourcecode.c.objc; path = wordsModel.m; sourceTree = "<group>"; };
		8471A9181CD486ED00A5D901 /* kuaikanCartoon.app */ = {isa = PBXFileReference; explicitFileType = wrapper.application; includeInIndex = 0; path = kuaikanCartoon.app; sourceTree = BUILT_PRODUCTS_DIR; };
		8471A9491CD499B400A5D901 /* Assets.xcassets */ = {isa = PBXFileReference; lastKnownFileType = folder.assetcatalog; path = Assets.xcassets; sourceTree = "<group>"; };
		8471A9501CD49C1700A5D901 /* Info.plist */ = {isa = PBXFileReference; fileEncoding = 4; lastKnownFileType = text.plist.xml; path = Info.plist; sourceTree = "<group>"; };
		8471A9521CD49CDA00A5D901 /* AppDelegate.h */ = {isa = PBXFileReference; fileEncoding = 4; lastKnownFileType = sourcecode.c.h; path = AppDelegate.h; sourceTree = "<group>"; };
		8471A9531CD49CDA00A5D901 /* AppDelegate.m */ = {isa = PBXFileReference; fileEncoding = 4; lastKnownFileType = sourcecode.c.objc; path = AppDelegate.m; sourceTree = "<group>"; };
		8471A9551CD49CEE00A5D901 /* main.m */ = {isa = PBXFileReference; fileEncoding = 4; lastKnownFileType = sourcecode.c.objc; path = main.m; sourceTree = "<group>"; };
		8471A9581CD49DA100A5D901 /* HomeViewController.h */ = {isa = PBXFileReference; fileEncoding = 4; lastKnownFileType = sourcecode.c.h; path = HomeViewController.h; sourceTree = "<group>"; };
		8471A9591CD49DA100A5D901 /* HomeViewController.m */ = {isa = PBXFileReference; fileEncoding = 4; lastKnownFileType = sourcecode.c.objc; path = HomeViewController.m; sourceTree = "<group>"; };
		8471A9611CD4A55C00A5D901 /* BaseViewController.h */ = {isa = PBXFileReference; fileEncoding = 4; lastKnownFileType = sourcecode.c.h; path = BaseViewController.h; sourceTree = "<group>"; };
		8471A9621CD4A55C00A5D901 /* BaseViewController.m */ = {isa = PBXFileReference; fileEncoding = 4; lastKnownFileType = sourcecode.c.objc; path = BaseViewController.m; sourceTree = "<group>"; };
		8471A9731CD4A5C500A5D901 /* MainTabBarController.h */ = {isa = PBXFileReference; fileEncoding = 4; lastKnownFileType = sourcecode.c.h; path = MainTabBarController.h; sourceTree = "<group>"; };
		8471A9741CD4A5C500A5D901 /* MainTabBarController.m */ = {isa = PBXFileReference; fileEncoding = 4; lastKnownFileType = sourcecode.c.objc; path = MainTabBarController.m; sourceTree = "<group>"; };
		8471A9761CD4AB6100A5D901 /* BaseNavigationController.h */ = {isa = PBXFileReference; fileEncoding = 4; lastKnownFileType = sourcecode.c.h; path = BaseNavigationController.h; sourceTree = "<group>"; };
		8471A9771CD4AB6100A5D901 /* BaseNavigationController.m */ = {isa = PBXFileReference; fileEncoding = 4; lastKnownFileType = sourcecode.c.objc; path = BaseNavigationController.m; sourceTree = "<group>"; };
		8471A9791CD4AD6C00A5D901 /* UIImage+Extension.h */ = {isa = PBXFileReference; fileEncoding = 4; lastKnownFileType = sourcecode.c.h; path = "UIImage+Extension.h"; sourceTree = "<group>"; };
		8471A97A1CD4AD6C00A5D901 /* UIImage+Extension.m */ = {isa = PBXFileReference; fileEncoding = 4; lastKnownFileType = sourcecode.c.objc; path = "UIImage+Extension.m"; sourceTree = "<group>"; };
		8471A97C1CD4AE8200A5D901 /* pathMacro.h */ = {isa = PBXFileReference; lastKnownFileType = sourcecode.c.h; path = pathMacro.h; sourceTree = "<group>"; };
		8471A97E1CD4B7DC00A5D901 /* FindingsViewController.h */ = {isa = PBXFileReference; fileEncoding = 4; lastKnownFileType = sourcecode.c.h; path = FindingsViewController.h; sourceTree = "<group>"; };
		8471A97F1CD4B7DC00A5D901 /* FindingsViewController.m */ = {isa = PBXFileReference; fileEncoding = 4; lastKnownFileType = sourcecode.c.objc; path = FindingsViewController.m; sourceTree = "<group>"; };
		8471A9811CD4B7F600A5D901 /* PersonalViewController.h */ = {isa = PBXFileReference; fileEncoding = 4; lastKnownFileType = sourcecode.c.h; path = PersonalViewController.h; sourceTree = "<group>"; };
		8471A9821CD4B7F600A5D901 /* PersonalViewController.m */ = {isa = PBXFileReference; fileEncoding = 4; lastKnownFileType = sourcecode.c.objc; path = PersonalViewController.m; sourceTree = "<group>"; };
		8471A9871CD4B89300A5D901 /* CommonMacro.h */ = {isa = PBXFileReference; lastKnownFileType = sourcecode.c.h; path = CommonMacro.h; sourceTree = "<group>"; };
		8471A9881CD4BECC00A5D901 /* MainTabbar.h */ = {isa = PBXFileReference; fileEncoding = 4; lastKnownFileType = sourcecode.c.h; path = MainTabbar.h; sourceTree = "<group>"; };
		8471A9891CD4BECC00A5D901 /* MainTabbar.m */ = {isa = PBXFileReference; fileEncoding = 4; lastKnownFileType = sourcecode.c.objc; path = MainTabbar.m; sourceTree = "<group>"; };
		8471A98B1CD4C67600A5D901 /* UIView+Extension.h */ = {isa = PBXFileReference; fileEncoding = 4; lastKnownFileType = sourcecode.c.h; path = "UIView+Extension.h"; sourceTree = "<group>"; };
		8471A98C1CD4C67600A5D901 /* UIView+Extension.m */ = {isa = PBXFileReference; fileEncoding = 4; lastKnownFileType = sourcecode.c.objc; path = "UIView+Extension.m"; sourceTree = "<group>"; };
		8480CAB71CD74A4A0072A17B /* SummaryModel.h */ = {isa = PBXFileReference; fileEncoding = 4; lastKnownFileType = sourcecode.c.h; path = SummaryModel.h; sourceTree = "<group>"; };
		8480CAB81CD74A4A0072A17B /* SummaryModel.m */ = {isa = PBXFileReference; fileEncoding = 4; lastKnownFileType = sourcecode.c.objc; path = SummaryModel.m; sourceTree = "<group>"; };
		8480CAC01CD7620B0072A17B /* NetWorkManager.h */ = {isa = PBXFileReference; fileEncoding = 4; lastKnownFileType = sourcecode.c.h; path = NetWorkManager.h; sourceTree = "<group>"; };
		8480CAC11CD7620B0072A17B /* NetWorkManager.m */ = {isa = PBXFileReference; fileEncoding = 4; lastKnownFileType = sourcecode.c.objc; path = NetWorkManager.m; sourceTree = "<group>"; };
		8480CAC31CD76B6F0072A17B /* NSString+Extension.h */ = {isa = PBXFileReference; fileEncoding = 4; lastKnownFileType = sourcecode.c.h; path = "NSString+Extension.h"; sourceTree = "<group>"; };
		8480CAC41CD76B6F0072A17B /* NSString+Extension.m */ = {isa = PBXFileReference; fileEncoding = 4; lastKnownFileType = sourcecode.c.objc; path = "NSString+Extension.m"; sourceTree = "<group>"; };
		8480CAC61CD779FB0072A17B /* UIColor+Extension.h */ = {isa = PBXFileReference; fileEncoding = 4; lastKnownFileType = sourcecode.c.h; path = "UIColor+Extension.h"; sourceTree = "<group>"; };
		8480CAC71CD779FB0072A17B /* UIColor+Extension.m */ = {isa = PBXFileReference; fileEncoding = 4; lastKnownFileType = sourcecode.c.objc; path = "UIColor+Extension.m"; sourceTree = "<group>"; };
		849DE6971CDB2A6100879190 /* topicModel.h */ = {isa = PBXFileReference; fileEncoding = 4; lastKnownFileType = sourcecode.c.h; path = topicModel.h; sourceTree = "<group>"; };
		849DE6981CDB2A6100879190 /* topicModel.m */ = {isa = PBXFileReference; fileEncoding = 4; lastKnownFileType = sourcecode.c.objc; path = topicModel.m; sourceTree = "<group>"; };
		849DE69A1CDB2A9300879190 /* userModel.h */ = {isa = PBXFileReference; fileEncoding = 4; lastKnownFileType = sourcecode.c.h; path = userModel.h; sourceTree = "<group>"; };
		849DE69B1CDB2A9300879190 /* userModel.m */ = {isa = PBXFileReference; fileEncoding = 4; lastKnownFileType = sourcecode.c.objc; path = userModel.m; sourceTree = "<group>"; };
		849DE69D1CDB2B9300879190 /* comicsModel.h */ = {isa = PBXFileReference; fileEncoding = 4; lastKnownFileType = sourcecode.c.h; path = comicsModel.h; sourceTree = "<group>"; };
		849DE69E1CDB2B9300879190 /* comicsModel.m */ = {isa = PBXFileReference; fileEncoding = 4; lastKnownFileType = sourcecode.c.objc; path = comicsModel.m; sourceTree = "<group>"; };
		849DE6A01CDB2C2700879190 /* bannerInfoModel.h */ = {isa = PBXFileReference; fileEncoding = 4; lastKnownFileType = sourcecode.c.h; path = bannerInfoModel.h; sourceTree = "<group>"; };
		849DE6A11CDB2C2700879190 /* bannerInfoModel.m */ = {isa = PBXFileReference; fileEncoding = 4; lastKnownFileType = sourcecode.c.objc; path = bannerInfoModel.m; sourceTree = "<group>"; };
		849DE6A41CDB2FDC00879190 /* BaseModel.h */ = {isa = PBXFileReference; fileEncoding = 4; lastKnownFileType = sourcecode.c.h; path = BaseModel.h; sourceTree = "<group>"; };
		849DE6A51CDB2FDC00879190 /* BaseModel.m */ = {isa = PBXFileReference; fileEncoding = 4; lastKnownFileType = sourcecode.c.objc; path = BaseModel.m; sourceTree = "<group>"; };
		849DE6AE1CDB9CA300879190 /* authorInfoHeadView.h */ = {isa = PBXFileReference; fileEncoding = 4; lastKnownFileType = sourcecode.c.h; path = authorInfoHeadView.h; sourceTree = "<group>"; };
		849DE6AF1CDB9CA300879190 /* authorInfoHeadView.m */ = {isa = PBXFileReference; fileEncoding = 4; lastKnownFileType = sourcecode.c.objc; path = authorInfoHeadView.m; sourceTree = "<group>"; };
		849DE6B11CDBA39D00879190 /* CartoonContentCell.h */ = {isa = PBXFileReference; fileEncoding = 4; lastKnownFileType = sourcecode.c.h; path = CartoonContentCell.h; sourceTree = "<group>"; };
		849DE6B21CDBA39D00879190 /* CartoonContentCell.m */ = {isa = PBXFileReference; fileEncoding = 4; lastKnownFileType = sourcecode.c.objc; path = CartoonContentCell.m; sourceTree = "<group>"; };
		849DE6B41CDBA97100879190 /* CartoonFlooterView.h */ = {isa = PBXFileReference; fileEncoding = 4; lastKnownFileType = sourcecode.c.h; path = CartoonFlooterView.h; sourceTree = "<group>"; };
		849DE6B51CDBA97100879190 /* CartoonFlooterView.m */ = {isa = PBXFileReference; fileEncoding = 4; lastKnownFileType = sourcecode.c.objc; path = CartoonFlooterView.m; sourceTree = "<group>"; };
		849DE6B61CDBA97100879190 /* CartoonFlooterView.xib */ = {isa = PBXFileReference; fileEncoding = 4; lastKnownFileType = file.xib; path = CartoonFlooterView.xib; sourceTree = "<group>"; };
		84B296E91CE1D9D200D927CE /* UIImage+ImageEffects.h */ = {isa = PBXFileReference; fileEncoding = 4; lastKnownFileType = sourcecode.c.h; path = "UIImage+ImageEffects.h"; sourceTree = "<group>"; };
		84B296EA1CE1D9D200D927CE /* UIImage+ImageEffects.m */ = {isa = PBXFileReference; fileEncoding = 4; lastKnownFileType = sourcecode.c.objc; path = "UIImage+ImageEffects.m"; sourceTree = "<group>"; };
		84B51F1D1CE450AE00EB4CB0 /* wordsDetailHeadView.xib */ = {isa = PBXFileReference; fileEncoding = 4; lastKnownFileType = file.xib; path = wordsDetailHeadView.xib; sourceTree = "<group>"; };
		84BA93B71CDDA862009CFDC6 /* WordsDetailViewController.h */ = {isa = PBXFileReference; fileEncoding = 4; lastKnownFileType = sourcecode.c.h; path = WordsDetailViewController.h; sourceTree = "<group>"; };
		84BA93B81CDDA862009CFDC6 /* WordsDetailViewController.m */ = {isa = PBXFileReference; fileEncoding = 4; lastKnownFileType = sourcecode.c.objc; path = WordsDetailViewController.m; sourceTree = "<group>"; };
		84BA93BA1CDDBE95009CFDC6 /* CommentDetailViewController.h */ = {isa = PBXFileReference; fileEncoding = 4; lastKnownFileType = sourcecode.c.h; path = CommentDetailViewController.h; sourceTree = "<group>"; };
		84BA93BB1CDDBE95009CFDC6 /* CommentDetailViewController.m */ = {isa = PBXFileReference; fileEncoding = 4; lastKnownFileType = sourcecode.c.objc; path = CommentDetailViewController.m; sourceTree = "<group>"; };
		84BA93BD1CDDD706009CFDC6 /* CommentsModel.h */ = {isa = PBXFileReference; fileEncoding = 4; lastKnownFileType = sourcecode.c.h; path = CommentsModel.h; sourceTree = "<group>"; };
		84BA93BE1CDDD706009CFDC6 /* CommentsModel.m */ = {isa = PBXFileReference; fileEncoding = 4; lastKnownFileType = sourcecode.c.objc; path = CommentsModel.m; sourceTree = "<group>"; };
		84BA93C11CDDDB03009CFDC6 /* CommentInfoCell.h */ = {isa = PBXFileReference; fileEncoding = 4; lastKnownFileType = sourcecode.c.h; path = CommentInfoCell.h; sourceTree = "<group>"; };
		84BA93C21CDDDB03009CFDC6 /* CommentInfoCell.m */ = {isa = PBXFileReference; fileEncoding = 4; lastKnownFileType = sourcecode.c.objc; path = CommentInfoCell.m; sourceTree = "<group>"; };
		84BA93C31CDDDB03009CFDC6 /* CommentInfoCell.xib */ = {isa = PBXFileReference; fileEncoding = 4; lastKnownFileType = file.xib; path = CommentInfoCell.xib; sourceTree = "<group>"; };
		84BA93C61CDDE58F009CFDC6 /* likeCountView.h */ = {isa = PBXFileReference; fileEncoding = 4; lastKnownFileType = sourcecode.c.h; path = likeCountView.h; sourceTree = "<group>"; };
		84BA93C71CDDE58F009CFDC6 /* likeCountView.m */ = {isa = PBXFileReference; fileEncoding = 4; lastKnownFileType = sourcecode.c.objc; path = likeCountView.m; sourceTree = "<group>"; };
		84D0A74B1CDA63BA00E2056A /* UIBarButtonItem+EXtension.h */ = {isa = PBXFileReference; fileEncoding = 4; lastKnownFileType = sourcecode.c.h; path = "UIBarButtonItem+EXtension.h"; sourceTree = "<group>"; };
		84D0A74C1CDA63BA00E2056A /* UIBarButtonItem+EXtension.m */ = {isa = PBXFileReference; fileEncoding = 4; lastKnownFileType = sourcecode.c.objc; path = "UIBarButtonItem+EXtension.m"; sourceTree = "<group>"; };
		84D0A75E1CDA73ED00E2056A /* ListView.h */ = {isa = PBXFileReference; fileEncoding = 4; lastKnownFileType = sourcecode.c.h; path = ListView.h; sourceTree = "<group>"; };
		84D0A75F1CDA73ED00E2056A /* ListView.m */ = {isa = PBXFileReference; fileEncoding = 4; lastKnownFileType = sourcecode.c.objc; path = ListView.m; sourceTree = "<group>"; };
		84D0A7601CDA73ED00E2056A /* navBarTitleView.h */ = {isa = PBXFileReference; fileEncoding = 4; lastKnownFileType = sourcecode.c.h; path = navBarTitleView.h; sourceTree = "<group>"; };
		84D0A7611CDA73ED00E2056A /* navBarTitleView.m */ = {isa = PBXFileReference; fileEncoding = 4; lastKnownFileType = sourcecode.c.objc; path = navBarTitleView.m; sourceTree = "<group>"; };
		84D0A7641CDA74A900E2056A /* CartoonDetailViewController.h */ = {isa = PBXFileReference; fileEncoding = 4; lastKnownFileType = sourcecode.c.h; path = CartoonDetailViewController.h; sourceTree = "<group>"; };
		84D0A7651CDA74A900E2056A /* CartoonDetailViewController.m */ = {isa = PBXFileReference; fileEncoding = 4; lastKnownFileType = sourcecode.c.objc; path = CartoonDetailViewController.m; sourceTree = "<group>"; };
		84D0A7671CDA782100E2056A /* CommentBottomView.h */ = {isa = PBXFileReference; fileEncoding = 4; lastKnownFileType = sourcecode.c.h; path = CommentBottomView.h; sourceTree = "<group>"; };
		84D0A7681CDA782100E2056A /* CommentBottomView.m */ = {isa = PBXFileReference; fileEncoding = 4; lastKnownFileType = sourcecode.c.objc; path = CommentBottomView.m; sourceTree = "<group>"; };
		84D0A76A1CDA791E00E2056A /* CommentBottomView.xib */ = {isa = PBXFileReference; fileEncoding = 4; lastKnownFileType = file.xib; path = CommentBottomView.xib; sourceTree = "<group>"; };
		84D9797E1CD8529B008EAE63 /* SummaryListItem.h */ = {isa = PBXFileReference; fileEncoding = 4; lastKnownFileType = sourcecode.c.h; path = SummaryListItem.h; sourceTree = "<group>"; };
		84D9797F1CD8529B008EAE63 /* SummaryListItem.m */ = {isa = PBXFileReference; fileEncoding = 4; lastKnownFileType = sourcecode.c.objc; path = SummaryListItem.m; sourceTree = "<group>"; };
		84D979811CD85551008EAE63 /* updateCartoonListView.h */ = {isa = PBXFileReference; fileEncoding = 4; lastKnownFileType = sourcecode.c.h; path = updateCartoonListView.h; sourceTree = "<group>"; };
		84D979821CD85551008EAE63 /* updateCartoonListView.m */ = {isa = PBXFileReference; fileEncoding = 4; lastKnownFileType = sourcecode.c.objc; path = updateCartoonListView.m; sourceTree = "<group>"; };
		84D979841CD8A6D7008EAE63 /* DateManager.h */ = {isa = PBXFileReference; fileEncoding = 4; lastKnownFileType = sourcecode.c.h; path = DateManager.h; sourceTree = "<group>"; };
		84D979851CD8A6D7008EAE63 /* DateManager.m */ = {isa = PBXFileReference; fileEncoding = 4; lastKnownFileType = sourcecode.c.objc; path = DateManager.m; sourceTree = "<group>"; };
		84D979871CD8FE57008EAE63 /* Color.h */ = {isa = PBXFileReference; lastKnownFileType = sourcecode.c.h; path = Color.h; sourceTree = "<group>"; };
		FD2BD0117F02A8B0B805C131 /* libPods-kuaikanCartoon.a */ = {isa = PBXFileReference; explicitFileType = archive.ar; includeInIndex = 0; path = "libPods-kuaikanCartoon.a"; sourceTree = BUILT_PRODUCTS_DIR; };
/* End PBXFileReference section */

/* Begin PBXFrameworksBuildPhase section */
		8471A9151CD486ED00A5D901 /* Frameworks */ = {
			isa = PBXFrameworksBuildPhase;
			buildActionMask = 2147483647;
			files = (
				580FD319EB36E41F73FC3BF8 /* libPods-kuaikanCartoon.a in Frameworks */,
			);
			runOnlyForDeploymentPostprocessing = 0;
		};
/* End PBXFrameworksBuildPhase section */

/* Begin PBXGroup section */
		1C9994ECBFC31DEDA6726E87 /* Frameworks */ = {
			isa = PBXGroup;
			children = (
				FD2BD0117F02A8B0B805C131 /* libPods-kuaikanCartoon.a */,
			);
			name = Frameworks;
			sourceTree = "<group>";
		};
		327D51E1F383EA3634791980 /* Pods */ = {
			isa = PBXGroup;
			children = (
				6953C1E92549B024393B5A8D /* Pods-kuaikanCartoon.debug.xcconfig */,
				45A94D6E4ED7BD72AD967888 /* Pods-kuaikanCartoon.release.xcconfig */,
			);
			name = Pods;
			sourceTree = "<group>";
		};
		84390CB51CD5D8B800D0AB8D /* UpdateCartoonView */ = {
			isa = PBXGroup;
			children = (
				84390CBA1CD71E4A00D0AB8D /* Cell */,
				84390CB61CD5D8B800D0AB8D /* updateCartoonView.h */,
				84390CB71CD5D8B800D0AB8D /* updateCartoonView.m */,
				84D979811CD85551008EAE63 /* updateCartoonListView.h */,
				84D979821CD85551008EAE63 /* updateCartoonListView.m */,
			);
			path = UpdateCartoonView;
			sourceTree = "<group>";
		};
		84390CBA1CD71E4A00D0AB8D /* Cell */ = {
			isa = PBXGroup;
			children = (
				84390CBB1CD71F4B00D0AB8D /* CartoonSummaryCell.h */,
				84390CBC1CD71F4B00D0AB8D /* CartoonSummaryCell.m */,
				84390CBD1CD71F4B00D0AB8D /* CartoonSummaryCell.xib */,
				84D9797E1CD8529B008EAE63 /* SummaryListItem.h */,
				84D9797F1CD8529B008EAE63 /* SummaryListItem.m */,
			);
			path = Cell;
			sourceTree = "<group>";
		};
		8471A90F1CD486ED00A5D901 = {
			isa = PBXGroup;
			children = (
				8471A9321CD499B400A5D901 /* kuaikanCartoon */,
				8471A9551CD49CEE00A5D901 /* main.m */,
				8471A9501CD49C1700A5D901 /* Info.plist */,
				8471A9191CD486ED00A5D901 /* Products */,
				327D51E1F383EA3634791980 /* Pods */,
				1C9994ECBFC31DEDA6726E87 /* Frameworks */,
			);
			sourceTree = "<group>";
		};
		8471A9191CD486ED00A5D901 /* Products */ = {
			isa = PBXGroup;
			children = (
				8471A9181CD486ED00A5D901 /* kuaikanCartoon.app */,
			);
			name = Products;
			sourceTree = "<group>";
		};
		8471A9321CD499B400A5D901 /* kuaikanCartoon */ = {
			isa = PBXGroup;
			children = (
				8471A9521CD49CDA00A5D901 /* AppDelegate.h */,
				8471A9531CD49CDA00A5D901 /* AppDelegate.m */,
				8471A9331CD499B400A5D901 /* Classes */,
				8471A9441CD499B400A5D901 /* Extension */,
				8471A9461CD499B400A5D901 /* Macro */,
				8471A9471CD499B400A5D901 /* Resource */,
				8471A94A1CD499B400A5D901 /* Managers */,
				8471A9451CD499B400A5D901 /* FrameWork */,
			);
			path = kuaikanCartoon;
			sourceTree = "<group>";
		};
		8471A9331CD499B400A5D901 /* Classes */ = {
			isa = PBXGroup;
			children = (
				84D0A75C1CDA73ED00E2056A /* UI组件 */,
				8471A9691CD4A56200A5D901 /* Main(入口) */,
				8471A95F1CD4A55C00A5D901 /* BaseClasses(基类) */,
				8471A9341CD499B400A5D901 /* Findings(发现) */,
				8471A9381CD499B400A5D901 /* Home(主页) */,
				8471A93C1CD499B400A5D901 /* Personal Center(个人中心) */,
				8471A9401CD499B400A5D901 /* PublicViewPage(公共页面) */,
			);
			path = Classes;
			sourceTree = "<group>";
		};
		8471A9341CD499B400A5D901 /* Findings(发现) */ = {
			isa = PBXGroup;
			children = (
				8471A9351CD499B400A5D901 /* Controllers */,
				8471A9361CD499B400A5D901 /* Models */,
				8471A9371CD499B400A5D901 /* Views */,
			);
			path = "Findings(发现)";
			sourceTree = "<group>";
		};
		8471A9351CD499B400A5D901 /* Controllers */ = {
			isa = PBXGroup;
			children = (
				8471A97E1CD4B7DC00A5D901 /* FindingsViewController.h */,
				8471A97F1CD4B7DC00A5D901 /* FindingsViewController.m */,
			);
			path = Controllers;
			sourceTree = "<group>";
		};
		8471A9361CD499B400A5D901 /* Models */ = {
			isa = PBXGroup;
			children = (
			);
			path = Models;
			sourceTree = "<group>";
		};
		8471A9371CD499B400A5D901 /* Views */ = {
			isa = PBXGroup;
			children = (
			);
			path = Views;
			sourceTree = "<group>";
		};
		8471A9381CD499B400A5D901 /* Home(主页) */ = {
			isa = PBXGroup;
			children = (
				8471A9391CD499B400A5D901 /* Controllers */,
				8471A93A1CD499B400A5D901 /* Models */,
				8471A93B1CD499B400A5D901 /* Views */,
			);
			path = "Home(主页)";
			sourceTree = "<group>";
		};
		8471A9391CD499B400A5D901 /* Controllers */ = {
			isa = PBXGroup;
			children = (
				8471A9581CD49DA100A5D901 /* HomeViewController.h */,
				8471A9591CD49DA100A5D901 /* HomeViewController.m */,
			);
			path = Controllers;
			sourceTree = "<group>";
		};
		8471A93A1CD499B400A5D901 /* Models */ = {
			isa = PBXGroup;
			children = (
				8480CAB71CD74A4A0072A17B /* SummaryModel.h */,
				8480CAB81CD74A4A0072A17B /* SummaryModel.m */,
				849DE6971CDB2A6100879190 /* topicModel.h */,
				849DE6981CDB2A6100879190 /* topicModel.m */,
				849DE69A1CDB2A9300879190 /* userModel.h */,
				849DE69B1CDB2A9300879190 /* userModel.m */,
			);
			path = Models;
			sourceTree = "<group>";
		};
		8471A93B1CD499B400A5D901 /* Views */ = {
			isa = PBXGroup;
			children = (
				84390CB51CD5D8B800D0AB8D /* UpdateCartoonView */,
			);
			path = Views;
			sourceTree = "<group>";
		};
		8471A93C1CD499B400A5D901 /* Personal Center(个人中心) */ = {
			isa = PBXGroup;
			children = (
				8471A93D1CD499B400A5D901 /* Controllers */,
				8471A93E1CD499B400A5D901 /* Models */,
				8471A93F1CD499B400A5D901 /* Views */,
			);
			path = "Personal Center(个人中心)";
			sourceTree = "<group>";
		};
		8471A93D1CD499B400A5D901 /* Controllers */ = {
			isa = PBXGroup;
			children = (
				8471A9811CD4B7F600A5D901 /* PersonalViewController.h */,
				8471A9821CD4B7F600A5D901 /* PersonalViewController.m */,
			);
			path = Controllers;
			sourceTree = "<group>";
		};
		8471A93E1CD499B400A5D901 /* Models */ = {
			isa = PBXGroup;
			children = (
			);
			path = Models;
			sourceTree = "<group>";
		};
		8471A93F1CD499B400A5D901 /* Views */ = {
			isa = PBXGroup;
			children = (
			);
			path = Views;
			sourceTree = "<group>";
		};
		8471A9401CD499B400A5D901 /* PublicViewPage(公共页面) */ = {
			isa = PBXGroup;
			children = (
				84BA93B31CDDA74C009CFDC6 /* WorksDetail(作品详情) */,
				84D0A7501CDA732F00E2056A /* CartoonDetail(漫画详情) */,
			);
			path = "PublicViewPage(公共页面)";
			sourceTree = "<group>";
		};
		8471A9441CD499B400A5D901 /* Extension */ = {
			isa = PBXGroup;
			children = (
				84B296E91CE1D9D200D927CE /* UIImage+ImageEffects.h */,
				84B296EA1CE1D9D200D927CE /* UIImage+ImageEffects.m */,
				8471A9791CD4AD6C00A5D901 /* UIImage+Extension.h */,
				8471A97A1CD4AD6C00A5D901 /* UIImage+Extension.m */,
				8471A98B1CD4C67600A5D901 /* UIView+Extension.h */,
				8471A98C1CD4C67600A5D901 /* UIView+Extension.m */,
				8480CAC31CD76B6F0072A17B /* NSString+Extension.h */,
				8480CAC41CD76B6F0072A17B /* NSString+Extension.m */,
				8480CAC61CD779FB0072A17B /* UIColor+Extension.h */,
				8480CAC71CD779FB0072A17B /* UIColor+Extension.m */,
				84D0A74B1CDA63BA00E2056A /* UIBarButtonItem+EXtension.h */,
				84D0A74C1CDA63BA00E2056A /* UIBarButtonItem+EXtension.m */,
			);
			path = Extension;
			sourceTree = "<group>";
		};
		8471A9451CD499B400A5D901 /* FrameWork */ = {
			isa = PBXGroup;
			children = (
			);
			path = FrameWork;
			sourceTree = "<group>";
		};
		8471A9461CD499B400A5D901 /* Macro */ = {
			isa = PBXGroup;
			children = (
				8471A97C1CD4AE8200A5D901 /* pathMacro.h */,
				8471A9871CD4B89300A5D901 /* CommonMacro.h */,
				84D979871CD8FE57008EAE63 /* Color.h */,
			);
			path = Macro;
			sourceTree = "<group>";
		};
		8471A9471CD499B400A5D901 /* Resource */ = {
			isa = PBXGroup;
			children = (
				8471A9481CD499B400A5D901 /* Image */,
			);
			path = Resource;
			sourceTree = "<group>";
		};
		8471A9481CD499B400A5D901 /* Image */ = {
			isa = PBXGroup;
			children = (
				8471A9491CD499B400A5D901 /* Assets.xcassets */,
			);
			path = Image;
			sourceTree = "<group>";
		};
		8471A94A1CD499B400A5D901 /* Managers */ = {
			isa = PBXGroup;
			children = (
				8480CAC01CD7620B0072A17B /* NetWorkManager.h */,
				8480CAC11CD7620B0072A17B /* NetWorkManager.m */,
				84D979841CD8A6D7008EAE63 /* DateManager.h */,
				84D979851CD8A6D7008EAE63 /* DateManager.m */,
			);
			name = Managers;
			path = Tools;
			sourceTree = "<group>";
		};
		8471A95F1CD4A55C00A5D901 /* BaseClasses(基类) */ = {
			isa = PBXGroup;
			children = (
				849DE6A31CDB2FC100879190 /* Models */,
				8471A9601CD4A55C00A5D901 /* Controllers */,
				8471A9661CD4A55C00A5D901 /* Views */,
			);
			path = "BaseClasses(基类)";
			sourceTree = "<group>";
		};
		8471A9601CD4A55C00A5D901 /* Controllers */ = {
			isa = PBXGroup;
			children = (
				8471A9611CD4A55C00A5D901 /* BaseViewController.h */,
				8471A9621CD4A55C00A5D901 /* BaseViewController.m */,
				8471A9761CD4AB6100A5D901 /* BaseNavigationController.h */,
				8471A9771CD4AB6100A5D901 /* BaseNavigationController.m */,
			);
			path = Controllers;
			sourceTree = "<group>";
		};
		8471A9661CD4A55C00A5D901 /* Views */ = {
			isa = PBXGroup;
			children = (
				846A46E01CDF1FD500F99B36 /* BaseTableView.h */,
				846A46E11CDF1FD500F99B36 /* BaseTableView.m */,
			);
			path = Views;
			sourceTree = "<group>";
		};
		8471A9691CD4A56200A5D901 /* Main(入口) */ = {
			isa = PBXGroup;
			children = (
				8471A96A1CD4A56200A5D901 /* Controllers */,
				8471A96F1CD4A56200A5D901 /* Models */,
				8471A9701CD4A56200A5D901 /* Views */,
			);
			path = "Main(入口)";
			sourceTree = "<group>";
		};
		8471A96A1CD4A56200A5D901 /* Controllers */ = {
			isa = PBXGroup;
			children = (
				8471A9731CD4A5C500A5D901 /* MainTabBarController.h */,
				8471A9741CD4A5C500A5D901 /* MainTabBarController.m */,
			);
			path = Controllers;
			sourceTree = "<group>";
		};
		8471A96F1CD4A56200A5D901 /* Models */ = {
			isa = PBXGroup;
			children = (
			);
			path = Models;
			sourceTree = "<group>";
		};
		8471A9701CD4A56200A5D901 /* Views */ = {
			isa = PBXGroup;
			children = (
				8471A9881CD4BECC00A5D901 /* MainTabbar.h */,
				8471A9891CD4BECC00A5D901 /* MainTabbar.m */,
			);
			path = Views;
			sourceTree = "<group>";
		};
		849DE6A31CDB2FC100879190 /* Models */ = {
			isa = PBXGroup;
			children = (
				849DE6A41CDB2FDC00879190 /* BaseModel.h */,
				849DE6A51CDB2FDC00879190 /* BaseModel.m */,
			);
			name = Models;
			sourceTree = "<group>";
		};
		849DE6AD1CDB9A8F00879190 /* CartoonDetailView */ = {
			isa = PBXGroup;
			children = (
				849DE6AE1CDB9CA300879190 /* authorInfoHeadView.h */,
				849DE6AF1CDB9CA300879190 /* authorInfoHeadView.m */,
				849DE6B11CDBA39D00879190 /* CartoonContentCell.h */,
				849DE6B21CDBA39D00879190 /* CartoonContentCell.m */,
				849DE6B41CDBA97100879190 /* CartoonFlooterView.h */,
				849DE6B51CDBA97100879190 /* CartoonFlooterView.m */,
				849DE6B61CDBA97100879190 /* CartoonFlooterView.xib */,
			);
			name = CartoonDetailView;
			sourceTree = "<group>";
		};
		84BA93B31CDDA74C009CFDC6 /* WorksDetail(作品详情) */ = {
			isa = PBXGroup;
			children = (
				84BA93B41CDDA7DE009CFDC6 /* Controllers */,
				84BA93B51CDDA7DE009CFDC6 /* Models */,
				84BA93B61CDDA7DE009CFDC6 /* Views */,
			);
			path = "WorksDetail(作品详情)";
			sourceTree = "<group>";
		};
		84BA93B41CDDA7DE009CFDC6 /* Controllers */ = {
			isa = PBXGroup;
			children = (
				84BA93B71CDDA862009CFDC6 /* WordsDetailViewController.h */,
				84BA93B81CDDA862009CFDC6 /* WordsDetailViewController.m */,
			);
			path = Controllers;
			sourceTree = "<group>";
		};
		84BA93B51CDDA7DE009CFDC6 /* Models */ = {
			isa = PBXGroup;
			children = (
				846A46E31CDF249800F99B36 /* wordsDetailModel.h */,
				846A46E41CDF249800F99B36 /* wordsDetailModel.m */,
				846A46E61CDF273200F99B36 /* wordsModel.h */,
				846A46E71CDF273200F99B36 /* wordsModel.m */,
			);
			path = Models;
			sourceTree = "<group>";
		};
		84BA93B61CDDA7DE009CFDC6 /* Views */ = {
			isa = PBXGroup;
			children = (
				846579581CE33B6F0094072E /* wordsDetailHeadView.h */,
				846579591CE33B6F0094072E /* wordsDetailHeadView.m */,
				84B51F1D1CE450AE00EB4CB0 /* wordsDetailHeadView.xib */,
			);
			path = Views;
			sourceTree = "<group>";
		};
		84BA93C01CDDD872009CFDC6 /* CoommentDetailView */ = {
			isa = PBXGroup;
			children = (
				84BA93C11CDDDB03009CFDC6 /* CommentInfoCell.h */,
				84BA93C21CDDDB03009CFDC6 /* CommentInfoCell.m */,
				84BA93C31CDDDB03009CFDC6 /* CommentInfoCell.xib */,
				84D0A7671CDA782100E2056A /* CommentBottomView.h */,
				84D0A7681CDA782100E2056A /* CommentBottomView.m */,
				84D0A76A1CDA791E00E2056A /* CommentBottomView.xib */,
				846A46DD1CDE55CC00F99B36 /* CommentDetailView.h */,
				846A46DE1CDE55CC00F99B36 /* CommentDetailView.m */,
			);
			name = CoommentDetailView;
			sourceTree = "<group>";
		};
		84D0A7501CDA732F00E2056A /* CartoonDetail(漫画详情) */ = {
			isa = PBXGroup;
			children = (
				84D0A7511CDA732F00E2056A /* Controllers */,
				84D0A7521CDA732F00E2056A /* Models */,
				84D0A7531CDA732F00E2056A /* Views */,
			);
			name = "CartoonDetail(漫画详情)";
			path = CartoonDetailView;
			sourceTree = "<group>";
		};
		84D0A7511CDA732F00E2056A /* Controllers */ = {
			isa = PBXGroup;
			children = (
				84D0A7641CDA74A900E2056A /* CartoonDetailViewController.h */,
				84D0A7651CDA74A900E2056A /* CartoonDetailViewController.m */,
				84BA93BA1CDDBE95009CFDC6 /* CommentDetailViewController.h */,
				84BA93BB1CDDBE95009CFDC6 /* CommentDetailViewController.m */,
			);
			path = Controllers;
			sourceTree = "<group>";
		};
		84D0A7521CDA732F00E2056A /* Models */ = {
			isa = PBXGroup;
			children = (
				849DE69D1CDB2B9300879190 /* comicsModel.h */,
				849DE69E1CDB2B9300879190 /* comicsModel.m */,
				849DE6A01CDB2C2700879190 /* bannerInfoModel.h */,
				849DE6A11CDB2C2700879190 /* bannerInfoModel.m */,
				84BA93BD1CDDD706009CFDC6 /* CommentsModel.h */,
				84BA93BE1CDDD706009CFDC6 /* CommentsModel.m */,
			);
			path = Models;
			sourceTree = "<group>";
		};
		84D0A7531CDA732F00E2056A /* Views */ = {
			isa = PBXGroup;
			children = (
				84BA93C01CDDD872009CFDC6 /* CoommentDetailView */,
				849DE6AD1CDB9A8F00879190 /* CartoonDetailView */,
			);
			path = Views;
			sourceTree = "<group>";
		};
		84D0A75C1CDA73ED00E2056A /* UI组件 */ = {
			isa = PBXGroup;
			children = (
				84D0A75D1CDA73ED00E2056A /* Views */,
			);
			path = "UI组件";
			sourceTree = "<group>";
		};
		84D0A75D1CDA73ED00E2056A /* Views */ = {
			isa = PBXGroup;
			children = (
				84D0A75E1CDA73ED00E2056A /* ListView.h */,
				84D0A75F1CDA73ED00E2056A /* ListView.m */,
				84D0A7601CDA73ED00E2056A /* navBarTitleView.h */,
				84D0A7611CDA73ED00E2056A /* navBarTitleView.m */,
				84BA93C61CDDE58F009CFDC6 /* likeCountView.h */,
				84BA93C71CDDE58F009CFDC6 /* likeCountView.m */,
			);
			path = Views;
			sourceTree = "<group>";
		};
/* End PBXGroup section */

/* Begin PBXNativeTarget section */
		8471A9171CD486ED00A5D901 /* kuaikanCartoon */ = {
			isa = PBXNativeTarget;
			buildConfigurationList = 8471A92F1CD486ED00A5D901 /* Build configuration list for PBXNativeTarget "kuaikanCartoon" */;
			buildPhases = (
				BE734B55ED0060AE8F9246FD /* Check Pods Manifest.lock */,
				8471A9141CD486ED00A5D901 /* Sources */,
				8471A9161CD486ED00A5D901 /* Resources */,
				8471A9151CD486ED00A5D901 /* Frameworks */,
				CDCE5B38B9E3FC35CB748021 /* Embed Pods Frameworks */,
				A734BD5DF3748C42A6F1C184 /* Copy Pods Resources */,
			);
			buildRules = (
			);
			dependencies = (
			);
			name = kuaikanCartoon;
			productName = kuaikanCartoon;
			productReference = 8471A9181CD486ED00A5D901 /* kuaikanCartoon.app */;
			productType = "com.apple.product-type.application";
		};
/* End PBXNativeTarget section */

/* Begin PBXProject section */
		8471A9101CD486ED00A5D901 /* Project object */ = {
			isa = PBXProject;
			attributes = {
				LastUpgradeCheck = 0720;
				ORGANIZATIONNAME = name;
				TargetAttributes = {
					8471A9171CD486ED00A5D901 = {
						CreatedOnToolsVersion = 7.2.1;
						DevelopmentTeam = MABMSRRB25;
					};
				};
			};
			buildConfigurationList = 8471A9131CD486ED00A5D901 /* Build configuration list for PBXProject "kuaikanCartoon" */;
			compatibilityVersion = "Xcode 3.2";
			developmentRegion = English;
			hasScannedForEncodings = 0;
			knownRegions = (
				en,
				Base,
			);
			mainGroup = 8471A90F1CD486ED00A5D901;
			productRefGroup = 8471A9191CD486ED00A5D901 /* Products */;
			projectDirPath = "";
			projectRoot = "";
			targets = (
				8471A9171CD486ED00A5D901 /* kuaikanCartoon */,
			);
		};
/* End PBXProject section */

/* Begin PBXResourcesBuildPhase section */
		8471A9161CD486ED00A5D901 /* Resources */ = {
			isa = PBXResourcesBuildPhase;
			buildActionMask = 2147483647;
			files = (
				8470B9BE1CE0CFF700CE12DA /* Assets.xcassets in Resources */,
				84BA93C51CDDDB03009CFDC6 /* CommentInfoCell.xib in Resources */,
				84390CBF1CD71F4B00D0AB8D /* CartoonSummaryCell.xib in Resources */,
				84D0A76B1CDA791E00E2056A /* CommentBottomView.xib in Resources */,
				849DE6B81CDBA97100879190 /* CartoonFlooterView.xib in Resources */,
				84B51F1E1CE450AE00EB4CB0 /* wordsDetailHeadView.xib in Resources */,
			);
			runOnlyForDeploymentPostprocessing = 0;
		};
/* End PBXResourcesBuildPhase section */

/* Begin PBXShellScriptBuildPhase section */
		A734BD5DF3748C42A6F1C184 /* Copy Pods Resources */ = {
			isa = PBXShellScriptBuildPhase;
			buildActionMask = 2147483647;
			files = (
			);
			inputPaths = (
			);
			name = "Copy Pods Resources";
			outputPaths = (
			);
			runOnlyForDeploymentPostprocessing = 0;
			shellPath = /bin/sh;
			shellScript = "\"${SRCROOT}/Pods/Target Support Files/Pods-kuaikanCartoon/Pods-kuaikanCartoon-resources.sh\"\n";
			showEnvVarsInLog = 0;
		};
		BE734B55ED0060AE8F9246FD /* Check Pods Manifest.lock */ = {
			isa = PBXShellScriptBuildPhase;
			buildActionMask = 2147483647;
			files = (
			);
			inputPaths = (
			);
			name = "Check Pods Manifest.lock";
			outputPaths = (
			);
			runOnlyForDeploymentPostprocessing = 0;
			shellPath = /bin/sh;
			shellScript = "diff \"${PODS_ROOT}/../Podfile.lock\" \"${PODS_ROOT}/Manifest.lock\" > /dev/null\nif [[ $? != 0 ]] ; then\n    cat << EOM\nerror: The sandbox is not in sync with the Podfile.lock. Run 'pod install' or update your CocoaPods installation.\nEOM\n    exit 1\nfi\n";
			showEnvVarsInLog = 0;
		};
		CDCE5B38B9E3FC35CB748021 /* Embed Pods Frameworks */ = {
			isa = PBXShellScriptBuildPhase;
			buildActionMask = 2147483647;
			files = (
			);
			inputPaths = (
			);
			name = "Embed Pods Frameworks";
			outputPaths = (
			);
			runOnlyForDeploymentPostprocessing = 0;
			shellPath = /bin/sh;
			shellScript = "\"${SRCROOT}/Pods/Target Support Files/Pods-kuaikanCartoon/Pods-kuaikanCartoon-frameworks.sh\"\n";
			showEnvVarsInLog = 0;
		};
/* End PBXShellScriptBuildPhase section */

/* Begin PBXSourcesBuildPhase section */
		8471A9141CD486ED00A5D901 /* Sources */ = {
			isa = PBXSourcesBuildPhase;
			buildActionMask = 2147483647;
			files = (
				846A46DF1CDE55CC00F99B36 /* CommentDetailView.m in Sources */,
				849DE6931CDAF33600879190 /* navBarTitleView.m in Sources */,
				84BA93C41CDDDB03009CFDC6 /* CommentInfoCell.m in Sources */,
				84D0A7661CDA74A900E2056A /* CartoonDetailViewController.m in Sources */,
				84B296EB1CE1D9D200D927CE /* UIImage+ImageEffects.m in Sources */,
				84D979831CD85551008EAE63 /* updateCartoonListView.m in Sources */,
				8471A9831CD4B7F600A5D901 /* PersonalViewController.m in Sources */,
				84BA93C81CDDE58F009CFDC6 /* likeCountView.m in Sources */,
				84D0A7691CDA782100E2056A /* CommentBottomView.m in Sources */,
				846A46E51CDF249800F99B36 /* wordsDetailModel.m in Sources */,
				846A46E21CDF1FD500F99B36 /* BaseTableView.m in Sources */,
				8480CAC21CD7620B0072A17B /* NetWorkManager.m in Sources */,
				8465795A1CE33B6F0094072E /* wordsDetailHeadView.m in Sources */,
				84BA93BC1CDDBE95009CFDC6 /* CommentDetailViewController.m in Sources */,
				84390CB81CD5D8B800D0AB8D /* updateCartoonView.m in Sources */,
				846A46E81CDF273200F99B36 /* wordsModel.m in Sources */,
				84D0A7621CDA73ED00E2056A /* ListView.m in Sources */,
				849DE6B31CDBA39D00879190 /* CartoonContentCell.m in Sources */,
				8471A9561CD49CEE00A5D901 /* main.m in Sources */,
				8471A98D1CD4C67600A5D901 /* UIView+Extension.m in Sources */,
				8471A97B1CD4AD6C00A5D901 /* UIImage+Extension.m in Sources */,
				84390CBE1CD71F4B00D0AB8D /* CartoonSummaryCell.m in Sources */,
				849DE6B01CDB9CA300879190 /* authorInfoHeadView.m in Sources */,
				8480CAC81CD779FB0072A17B /* UIColor+Extension.m in Sources */,
				849DE69F1CDB2B9300879190 /* comicsModel.m in Sources */,
				8480CAB91CD74A4A0072A17B /* SummaryModel.m in Sources */,
				849DE69C1CDB2A9300879190 /* userModel.m in Sources */,
				849DE6B71CDBA97100879190 /* CartoonFlooterView.m in Sources */,
				849DE6991CDB2A6100879190 /* topicModel.m in Sources */,
				8471A9751CD4A5C500A5D901 /* MainTabBarController.m in Sources */,
				8471A9781CD4AB6100A5D901 /* BaseNavigationController.m in Sources */,
				84D979861CD8A6D7008EAE63 /* DateManager.m in Sources */,
				8471A9801CD4B7DC00A5D901 /* FindingsViewController.m in Sources */,
				84BA93BF1CDDD706009CFDC6 /* CommentsModel.m in Sources */,
				849DE6A61CDB2FDC00879190 /* BaseModel.m in Sources */,
				84BA93B91CDDA862009CFDC6 /* WordsDetailViewController.m in Sources */,
				84D979801CD8529B008EAE63 /* SummaryListItem.m in Sources */,
				849DE6A21CDB2C2700879190 /* bannerInfoModel.m in Sources */,
				8480CAC51CD76B6F0072A17B /* NSString+Extension.m in Sources */,
				8471A9671CD4A55C00A5D901 /* BaseViewController.m in Sources */,
				84D0A74D1CDA63BA00E2056A /* UIBarButtonItem+EXtension.m in Sources */,
				8471A9541CD49CDA00A5D901 /* AppDelegate.m in Sources */,
				8471A98A1CD4BECC00A5D901 /* MainTabbar.m in Sources */,
				8471A95A1CD49DA100A5D901 /* HomeViewController.m in Sources */,
			);
			runOnlyForDeploymentPostprocessing = 0;
		};
/* End PBXSourcesBuildPhase section */

/* Begin XCBuildConfiguration section */
		8471A92D1CD486ED00A5D901 /* Debug */ = {
			isa = XCBuildConfiguration;
			buildSettings = {
				ALWAYS_SEARCH_USER_PATHS = NO;
				CLANG_CXX_LANGUAGE_STANDARD = "gnu++0x";
				CLANG_CXX_LIBRARY = "libc++";
				CLANG_ENABLE_MODULES = YES;
				CLANG_ENABLE_OBJC_ARC = YES;
				CLANG_WARN_BOOL_CONVERSION = YES;
				CLANG_WARN_CONSTANT_CONVERSION = YES;
				CLANG_WARN_DIRECT_OBJC_ISA_USAGE = YES_ERROR;
				CLANG_WARN_EMPTY_BODY = YES;
				CLANG_WARN_ENUM_CONVERSION = YES;
				CLANG_WARN_INT_CONVERSION = YES;
				CLANG_WARN_OBJC_ROOT_CLASS = YES_ERROR;
				CLANG_WARN_UNREACHABLE_CODE = YES;
				CLANG_WARN__DUPLICATE_METHOD_MATCH = YES;
				"CODE_SIGN_IDENTITY[sdk=iphoneos*]" = "iPhone Developer";
				COPY_PHASE_STRIP = NO;
				DEBUG_INFORMATION_FORMAT = dwarf;
				ENABLE_STRICT_OBJC_MSGSEND = YES;
				ENABLE_TESTABILITY = YES;
				GCC_C_LANGUAGE_STANDARD = gnu99;
				GCC_DYNAMIC_NO_PIC = NO;
				GCC_NO_COMMON_BLOCKS = YES;
				GCC_OPTIMIZATION_LEVEL = 0;
				GCC_PREPROCESSOR_DEFINITIONS = (
					"DEBUG=1",
					"$(inherited)",
				);
				GCC_WARN_64_TO_32_BIT_CONVERSION = YES;
				GCC_WARN_ABOUT_RETURN_TYPE = YES_ERROR;
				GCC_WARN_UNDECLARED_SELECTOR = YES;
				GCC_WARN_UNINITIALIZED_AUTOS = YES_AGGRESSIVE;
				GCC_WARN_UNUSED_FUNCTION = YES;
				GCC_WARN_UNUSED_VARIABLE = YES;
				IPHONEOS_DEPLOYMENT_TARGET = 9.2;
				MTL_ENABLE_DEBUG_INFO = YES;
				ONLY_ACTIVE_ARCH = YES;
				SDKROOT = iphoneos;
			};
			name = Debug;
		};
		8471A92E1CD486ED00A5D901 /* Release */ = {
			isa = XCBuildConfiguration;
			buildSettings = {
				ALWAYS_SEARCH_USER_PATHS = NO;
				CLANG_CXX_LANGUAGE_STANDARD = "gnu++0x";
				CLANG_CXX_LIBRARY = "libc++";
				CLANG_ENABLE_MODULES = YES;
				CLANG_ENABLE_OBJC_ARC = YES;
				CLANG_WARN_BOOL_CONVERSION = YES;
				CLANG_WARN_CONSTANT_CONVERSION = YES;
				CLANG_WARN_DIRECT_OBJC_ISA_USAGE = YES_ERROR;
				CLANG_WARN_EMPTY_BODY = YES;
				CLANG_WARN_ENUM_CONVERSION = YES;
				CLANG_WARN_INT_CONVERSION = YES;
				CLANG_WARN_OBJC_ROOT_CLASS = YES_ERROR;
				CLANG_WARN_UNREACHABLE_CODE = YES;
				CLANG_WARN__DUPLICATE_METHOD_MATCH = YES;
				"CODE_SIGN_IDENTITY[sdk=iphoneos*]" = "iPhone Developer";
				COPY_PHASE_STRIP = NO;
				DEBUG_INFORMATION_FORMAT = "dwarf-with-dsym";
				ENABLE_NS_ASSERTIONS = NO;
				ENABLE_STRICT_OBJC_MSGSEND = YES;
				GCC_C_LANGUAGE_STANDARD = gnu99;
				GCC_NO_COMMON_BLOCKS = YES;
				GCC_WARN_64_TO_32_BIT_CONVERSION = YES;
				GCC_WARN_ABOUT_RETURN_TYPE = YES_ERROR;
				GCC_WARN_UNDECLARED_SELECTOR = YES;
				GCC_WARN_UNINITIALIZED_AUTOS = YES_AGGRESSIVE;
				GCC_WARN_UNUSED_FUNCTION = YES;
				GCC_WARN_UNUSED_VARIABLE = YES;
				IPHONEOS_DEPLOYMENT_TARGET = 9.2;
				MTL_ENABLE_DEBUG_INFO = NO;
				SDKROOT = iphoneos;
				VALIDATE_PRODUCT = YES;
			};
			name = Release;
		};
		8471A9301CD486ED00A5D901 /* Debug */ = {
			isa = XCBuildConfiguration;
			baseConfigurationReference = 6953C1E92549B024393B5A8D /* Pods-kuaikanCartoon.debug.xcconfig */;
			buildSettings = {
				ASSETCATALOG_COMPILER_APPICON_NAME = AppIcon;
				ASSETCATALOG_COMPILER_LAUNCHIMAGE_NAME = LaunchImage;
				CREATE_INFOPLIST_SECTION_IN_BINARY = NO;
				GCC_PREPROCESSOR_DEFINITIONS = (
					"$(inherited)",
					"COCOAPODS=1",
					"SD_WEBP=1",
				);
				INFOPLIST_FILE = Info.plist;
				IPHONEOS_DEPLOYMENT_TARGET = 8.0;
				LD_RUNPATH_SEARCH_PATHS = "$(inherited) @executable_path/Frameworks";
				OTHER_LDFLAGS = (
					"$(inherited)",
					"-ObjC",
					"-l\"AFNetworking\"",
					"-l\"BlocksKit\"",
					"-l\"MBProgressHUD\"",
					"-l\"MJRefresh\"",
					"-l\"Masonry\"",
					"-l\"SDWebImage\"",
					"-framework",
					"\"CoreGraphics\"",
					"-framework",
					"\"Foundation\"",
					"-framework",
					"\"ImageIO\"",
					"-framework",
					"\"MessageUI\"",
					"-framework",
					"\"MobileCoreServices\"",
					"-framework",
					"\"Security\"",
					"-framework",
					"\"SystemConfiguration\"",
					"-framework",
					"\"UIKit\"",
				);
				PRODUCT_BUNDLE_IDENTIFIER = cn.name.kuaikanCartoon;
				PRODUCT_NAME = "$(TARGET_NAME)";
			};
			name = Debug;
		};
		8471A9311CD486ED00A5D901 /* Release */ = {
			isa = XCBuildConfiguration;
			baseConfigurationReference = 45A94D6E4ED7BD72AD967888 /* Pods-kuaikanCartoon.release.xcconfig */;
			buildSettings = {
				ASSETCATALOG_COMPILER_APPICON_NAME = AppIcon;
				ASSETCATALOG_COMPILER_LAUNCHIMAGE_NAME = LaunchImage;
				CREATE_INFOPLIST_SECTION_IN_BINARY = NO;
				GCC_PREPROCESSOR_DEFINITIONS = (
					"$(inherited)",
					"COCOAPODS=1",
					"SD_WEBP=1",
				);
				INFOPLIST_FILE = Info.plist;
				IPHONEOS_DEPLOYMENT_TARGET = 8.0;
				LD_RUNPATH_SEARCH_PATHS = "$(inherited) @executable_path/Frameworks";
				OTHER_LDFLAGS = (
					"$(inherited)",
					"-ObjC",
					"-l\"AFNetworking\"",
					"-l\"BlocksKit\"",
					"-l\"MBProgressHUD\"",
					"-l\"MJRefresh\"",
					"-l\"Masonry\"",
					"-l\"SDWebImage\"",
					"-framework",
					"\"CoreGraphics\"",
					"-framework",
					"\"Foundation\"",
					"-framework",
					"\"ImageIO\"",
					"-framework",
					"\"MessageUI\"",
					"-framework",
					"\"MobileCoreServices\"",
					"-framework",
					"\"Security\"",
					"-framework",
					"\"SystemConfiguration\"",
					"-framework",
					"\"UIKit\"",
				);
				PRODUCT_BUNDLE_IDENTIFIER = cn.name.kuaikanCartoon;
				PRODUCT_NAME = "$(TARGET_NAME)";
			};
			name = Release;
		};
/* End XCBuildConfiguration section */

/* Begin XCConfigurationList section */
		8471A9131CD486ED00A5D901 /* Build configuration list for PBXProject "kuaikanCartoon" */ = {
			isa = XCConfigurationList;
			buildConfigurations = (
				8471A92D1CD486ED00A5D901 /* Debug */,
				8471A92E1CD486ED00A5D901 /* Release */,
			);
			defaultConfigurationIsVisible = 0;
			defaultConfigurationName = Release;
		};
		8471A92F1CD486ED00A5D901 /* Build configuration list for PBXNativeTarget "kuaikanCartoon" */ = {
			isa = XCConfigurationList;
			buildConfigurations = (
				8471A9301CD486ED00A5D901 /* Debug */,
				8471A9311CD486ED00A5D901 /* Release */,
			);
			defaultConfigurationIsVisible = 0;
			defaultConfigurationName = Release;
		};
/* End XCConfigurationList section */
	};
	rootObject = 8471A9101CD486ED00A5D901 /* Project object */;
}
